Microsoft Visual Studio Solution File, Format Version 12.00
# Visual Studio 15
VisualStudioVersion = 15.0.26430.14
MinimumVisualStudioVersion = 10.0.40219.1
Project("{FAE04EC0-301F-11D3-BF4B-00C04F79EFBC}") = "APIMATICCalculator.Standard", "APIMATICCalculator.Standard/APIMATICCalculator.Standard.csproj", "{3de243aa-cc0e-4588-9f97-c5bef6fe165d}"
EndProject
Project("{FAE04EC0-301F-11D3-BF4B-00C04F79EFBC}") = "APIMATICCalculator.Tests", "APIMATICCalculator.Tests/APIMATICCalculator.Tests.csproj", "{1bb2b793-c7b6-4f7b-aba0-833cdc20f635}"
EndProject
Global
    GlobalSection(SolutionConfigurationPlatforms) = preSolution
        Debug|Any CPU = Debug|Any CPU
        Release|Any CPU = Release|Any CPU
    EndGlobalSection
    GlobalSection(ProjectConfigurationPlatforms) = postSolution
        {3de243aa-cc0e-4588-9f97-c5bef6fe165d}.Debug|Any CPU.ActiveCfg = Debug|Any CPU
        {3de243aa-cc0e-4588-9f97-c5bef6fe165d}.Debug|Any CPU.Build.0 = Debug|Any CPU
        {3de243aa-cc0e-4588-9f97-c5bef6fe165d}.Release|Any CPU.ActiveCfg = Release|Any CPU
        {3de243aa-cc0e-4588-9f97-c5bef6fe165d}.Release|Any CPU.Build.0 = Release|Any CPU
        {1bb2b793-c7b6-4f7b-aba0-833cdc20f635}.Debug|Any CPU.ActiveCfg = Debug|Any CPU
        {1bb2b793-c7b6-4f7b-aba0-833cdc20f635}.Debug|Any CPU.Build.0 = Debug|Any CPU
        {1bb2b793-c7b6-4f7b-aba0-833cdc20f635}.Release|Any CPU.ActiveCfg = Release|Any CPU
        {1bb2b793-c7b6-4f7b-aba0-833cdc20f635}.Release|Any CPU.Build.0 = Release|Any CPU
    EndGlobalSection
    GlobalSection(SolutionProperties) = preSolution
        HideSolutionNode = FALSE
    EndGlobalSection
EndGlobal
